
Microsoft Visual Studio Solution File, Format Version 12.00
# Visual Studio Version 16
VisualStudioVersion = 16.0.34301.259
MinimumVisualStudioVersion = 10.0.40219.1
Project("{FAE04EC0-301F-11D3-BF4B-00C04F79EFBC}") = "UserRegistration", "UserRegistration\UserRegistration.csproj", "{7DDB6CFA-11BC-4CE9-B4E1-180EB889A5C9}"
EndProject
Global
	GlobalSection(SolutionConfigurationPlatforms) = preSolution
		Debug|Any CPU = Debug|Any CPU
		Release|Any CPU = Release|Any CPU
	EndGlobalSection
	GlobalSection(ProjectConfigurationPlatforms) = postSolution
		{7DDB6CFA-11BC-4CE9-B4E1-180EB889A5C9}.Debug|Any CPU.ActiveCfg = Debug|Any CPU
		{7DDB6CFA-11BC-4CE9-B4E1-180EB889A5C9}.Debug|Any CPU.Build.0 = Debug|Any CPU
		{7DDB6CFA-11BC-4CE9-B4E1-180EB889A5C9}.Release|Any CPU.ActiveCfg = Release|Any CPU
		{7DDB6CFA-11BC-4CE9-B4E1-180EB889A5C9}.Release|Any CPU.Build.0 = Release|Any CPU
	EndGlobalSection
	GlobalSection(SolutionProperties) = preSolution
		HideSolutionNode = FALSE
	EndGlobalSection
	GlobalSection(ExtensibilityGlobals) = postSolution
		SolutionGuid = {116D6AC5-DA93-4F2C-8CA1-10A284896BED}
	EndGlobalSection
EndGlobal
